#MicroXplorer Configuration settings - do not modify
ADC1.Channel-1\#ChannelRegularConversion=ADC_CHANNEL_8
ADC1.ClockPrescaler=ADC_CLOCK_ASYNC_DIV6
ADC1.IPParameters=Rank-1\#ChannelRegularConversion,master,ClockPrescaler,Channel-1\#ChannelRegularConversion,SamplingTime-1\#ChannelRegularConversion,OffsetNumber-1\#ChannelRegularConversion,OffsetSignedSaturation-1\#ChannelRegularConversion,NbrOfConversionFlag,Mode
ADC1.Mode=ADC_DUALMODE_INJECSIMULT
ADC1.NbrOfConversionFlag=1
ADC1.OffsetNumber-1\#ChannelRegularConversion=ADC_OFFSET_NONE
ADC1.OffsetSignedSaturation-1\#ChannelRegularConversion=DISABLE
ADC1.Rank-1\#ChannelRegularConversion=1
ADC1.SamplingTime-1\#ChannelRegularConversion=ADC_SAMPLETIME_1CYCLE_5
ADC1.master=1
ADC2.Channel-0\#ChannelRegularConversion=ADC_CHANNEL_8
ADC2.ClockPrescaler=ADC_CLOCK_ASYNC_DIV6
ADC2.IPParameters=Rank-0\#ChannelRegularConversion,ClockPrescaler,Channel-0\#ChannelRegularConversion,SamplingTime-0\#ChannelRegularConversion,OffsetNumber-0\#ChannelRegularConversion,OffsetSignedSaturation-0\#ChannelRegularConversion,NbrOfConversionFlag,Mode
ADC2.Mode=ADC_DUALMODE_INJECSIMULT
ADC2.NbrOfConversionFlag=1
ADC2.OffsetNumber-0\#ChannelRegularConversion=ADC_OFFSET_NONE
ADC2.OffsetSignedSaturation-0\#ChannelRegularConversion=DISABLE
ADC2.Rank-0\#ChannelRegularConversion=1
ADC2.SamplingTime-0\#ChannelRegularConversion=ADC_SAMPLETIME_1CYCLE_5
ADC3.Channel-0\#ChannelRegularConversion=ADC_CHANNEL_TEMPSENSOR
ADC3.ClockPrescaler=ADC_CLOCK_ASYNC_DIV6
ADC3.ContinuousConvMode=DISABLE
ADC3.DMAContinuousRequests=DISABLE
ADC3.IPParameters=Rank-0\#ChannelRegularConversion,Channel-0\#ChannelRegularConversion,SamplingTime-0\#ChannelRegularConversion,OffsetNumber-0\#ChannelRegularConversion,OffsetSign-0\#ChannelRegularConversion,OffsetSaturation-0\#ChannelRegularConversion,OffsetSignedSaturation-0\#ChannelRegularConversion,NbrOfConversionFlag,ContinuousConvMode,DMAContinuousRequests,NbrOfConversion,ClockPrescaler,Mode
ADC3.Mode=ADC_DUALMODE_INJECSIMULT
ADC3.NbrOfConversion=1
ADC3.NbrOfConversionFlag=1
ADC3.OffsetNumber-0\#ChannelRegularConversion=ADC_OFFSET_NONE
ADC3.OffsetSaturation-0\#ChannelRegularConversion=DISABLE
ADC3.OffsetSign-0\#ChannelRegularConversion=ADC3_OFFSET_SIGN_NEGATIVE
ADC3.OffsetSignedSaturation-0\#ChannelRegularConversion=DISABLE
ADC3.Rank-0\#ChannelRegularConversion=1
ADC3.SamplingTime-0\#ChannelRegularConversion=ADC3_SAMPLETIME_247CYCLES_5
CRC.CRCLength=CRC_POLYLENGTH_8B
CRC.DefaultInitValueUse=DEFAULT_INIT_VALUE_DISABLE
CRC.DefaultPolynomialUse=DEFAULT_POLYNOMIAL_DISABLE
CRC.GeneratingPolynomial=X4+X3+X2+X0
CRC.IPParameters=DefaultPolynomialUse,DefaultInitValueUse,CRCLength,GeneratingPolynomial,InputDataFormat,InitValue
CRC.InitValue=0xC4
CRC.InputDataFormat=CRC_INPUTDATA_FORMAT_BYTES
Dma.Request0=TIM1_CH1
Dma.Request1=UART5_RX
Dma.Request2=UART5_TX
Dma.RequestsNb=3
Dma.TIM1_CH1.0.Direction=DMA_MEMORY_TO_PERIPH
Dma.TIM1_CH1.0.EventEnable=DISABLE
Dma.TIM1_CH1.0.FIFOMode=DMA_FIFOMODE_DISABLE
Dma.TIM1_CH1.0.Instance=DMA1_Stream2
Dma.TIM1_CH1.0.MemDataAlignment=DMA_MDATAALIGN_HALFWORD
Dma.TIM1_CH1.0.MemInc=DMA_MINC_ENABLE
Dma.TIM1_CH1.0.Mode=DMA_NORMAL
Dma.TIM1_CH1.0.PeriphDataAlignment=DMA_PDATAALIGN_HALFWORD
Dma.TIM1_CH1.0.PeriphInc=DMA_PINC_DISABLE
Dma.TIM1_CH1.0.Polarity=HAL_DMAMUX_REQ_GEN_RISING
Dma.TIM1_CH1.0.Priority=DMA_PRIORITY_LOW
Dma.TIM1_CH1.0.RequestNumber=1
Dma.TIM1_CH1.0.RequestParameters=Instance,Direction,PeriphInc,MemInc,PeriphDataAlignment,MemDataAlignment,Mode,Priority,FIFOMode,SignalID,Polarity,RequestNumber,SyncSignalID,SyncPolarity,SyncEnable,EventEnable,SyncRequestNumber
Dma.TIM1_CH1.0.SignalID=NONE
Dma.TIM1_CH1.0.SyncEnable=DISABLE
Dma.TIM1_CH1.0.SyncPolarity=HAL_DMAMUX_SYNC_NO_EVENT
Dma.TIM1_CH1.0.SyncRequestNumber=1
Dma.TIM1_CH1.0.SyncSignalID=NONE
Dma.UART5_RX.1.Direction=DMA_PERIPH_TO_MEMORY
Dma.UART5_RX.1.EventEnable=DISABLE
Dma.UART5_RX.1.FIFOMode=DMA_FIFOMODE_DISABLE
Dma.UART5_RX.1.Instance=DMA1_Stream0
Dma.UART5_RX.1.MemDataAlignment=DMA_MDATAALIGN_BYTE
Dma.UART5_RX.1.MemInc=DMA_MINC_ENABLE
Dma.UART5_RX.1.Mode=DMA_NORMAL
Dma.UART5_RX.1.PeriphDataAlignment=DMA_PDATAALIGN_BYTE
Dma.UART5_RX.1.PeriphInc=DMA_PINC_DISABLE
Dma.UART5_RX.1.Polarity=HAL_DMAMUX_REQ_GEN_RISING
Dma.UART5_RX.1.Priority=DMA_PRIORITY_HIGH
Dma.UART5_RX.1.RequestNumber=1
Dma.UART5_RX.1.RequestParameters=Instance,Direction,PeriphInc,MemInc,PeriphDataAlignment,MemDataAlignment,Mode,Priority,FIFOMode,SignalID,Polarity,RequestNumber,SyncSignalID,SyncPolarity,SyncEnable,EventEnable,SyncRequestNumber
Dma.UART5_RX.1.SignalID=NONE
Dma.UART5_RX.1.SyncEnable=DISABLE
Dma.UART5_RX.1.SyncPolarity=HAL_DMAMUX_SYNC_NO_EVENT
Dma.UART5_RX.1.SyncRequestNumber=1
Dma.UART5_RX.1.SyncSignalID=NONE
Dma.UART5_TX.2.Direction=DMA_MEMORY_TO_PERIPH
Dma.UART5_TX.2.EventEnable=DISABLE
Dma.UART5_TX.2.FIFOMode=DMA_FIFOMODE_DISABLE
Dma.UART5_TX.2.Instance=DMA1_Stream1
Dma.UART5_TX.2.MemDataAlignment=DMA_MDATAALIGN_BYTE
Dma.UART5_TX.2.MemInc=DMA_MINC_ENABLE
Dma.UART5_TX.2.Mode=DMA_NORMAL
Dma.UART5_TX.2.PeriphDataAlignment=DMA_PDATAALIGN_BYTE
Dma.UART5_TX.2.PeriphInc=DMA_PINC_DISABLE
Dma.UART5_TX.2.Polarity=HAL_DMAMUX_REQ_GEN_RISING
Dma.UART5_TX.2.Priority=DMA_PRIORITY_HIGH
Dma.UART5_TX.2.RequestNumber=1
Dma.UART5_TX.2.RequestParameters=Instance,Direction,PeriphInc,MemInc,PeriphDataAlignment,MemDataAlignment,Mode,Priority,FIFOMode,SignalID,Polarity,RequestNumber,SyncSignalID,SyncPolarity,SyncEnable,EventEnable,SyncRequestNumber
Dma.UART5_TX.2.SignalID=NONE
Dma.UART5_TX.2.SyncEnable=DISABLE
Dma.UART5_TX.2.SyncPolarity=HAL_DMAMUX_SYNC_NO_EVENT
Dma.UART5_TX.2.SyncRequestNumber=1
Dma.UART5_TX.2.SyncSignalID=NONE
File.Version=6
GPIO.groupedBy=Group By Peripherals
I2C2.I2C_Speed_Mode=I2C_Standard
I2C2.IPParameters=Timing,I2C_Speed_Mode
I2C2.Timing=0x60404E72
KeepUserPlacement=false
Mcu.CPN=STM32H733VGT6
Mcu.Family=STM32H7
Mcu.IP0=ADC1
Mcu.IP1=ADC2
Mcu.IP10=SPI3
Mcu.IP11=SPI4
Mcu.IP12=SYS
Mcu.IP13=TIM1
Mcu.IP14=TIM2
Mcu.IP15=TIM3
Mcu.IP16=TIM4
Mcu.IP17=TIM5
Mcu.IP18=TIM6
Mcu.IP19=TIM8
Mcu.IP2=ADC3
Mcu.IP20=TIM13
Mcu.IP21=TIM14
Mcu.IP22=TIM15
Mcu.IP23=TIM16
Mcu.IP24=TIM17
Mcu.IP25=TIM23
Mcu.IP26=TIM24
Mcu.IP27=UART5
Mcu.IP28=USART1
Mcu.IP29=USART3
Mcu.IP3=CORTEX_M7
Mcu.IP4=CRC
Mcu.IP5=DEBUG
Mcu.IP6=DMA
Mcu.IP7=I2C2
Mcu.IP8=NVIC
Mcu.IP9=RCC
Mcu.IPNb=30
Mcu.Name=STM32H733VGTx
Mcu.Package=LQFP100
Mcu.Pin0=PE2
Mcu.Pin1=PE3
Mcu.Pin10=PA7
Mcu.Pin11=PC4
Mcu.Pin12=PC5
Mcu.Pin13=PB1
Mcu.Pin14=PB2
Mcu.Pin15=PE7
Mcu.Pin16=PE8
Mcu.Pin17=PE9
Mcu.Pin18=PE11
Mcu.Pin19=PE12
Mcu.Pin2=PE4
Mcu.Pin20=PE13
Mcu.Pin21=PE14
Mcu.Pin22=PE15
Mcu.Pin23=PB10
Mcu.Pin24=PB11
Mcu.Pin25=PB12
Mcu.Pin26=PB13
Mcu.Pin27=PB14
Mcu.Pin28=PB15
Mcu.Pin29=PD8
Mcu.Pin3=PE5
Mcu.Pin30=PD9
Mcu.Pin31=PD12
Mcu.Pin32=PD13
Mcu.Pin33=PD14
Mcu.Pin34=PD15
Mcu.Pin35=PC6
Mcu.Pin36=PC7
Mcu.Pin37=PC8
Mcu.Pin38=PC9
Mcu.Pin39=PA8
Mcu.Pin4=PE6
Mcu.Pin40=PA9
Mcu.Pin41=PA10
Mcu.Pin42=PA11
Mcu.Pin43=PA12
Mcu.Pin44=PA13(JTMS/SWDIO)
Mcu.Pin45=PA14(JTCK/SWCLK)
Mcu.Pin46=PA15(JTDI)
Mcu.Pin47=PC10
Mcu.Pin48=PC11
Mcu.Pin49=PC12
Mcu.Pin5=PH0-OSC_IN
Mcu.Pin50=PD0
Mcu.Pin51=PD1
Mcu.Pin52=PD2
Mcu.Pin53=PD3
Mcu.Pin54=PD4
Mcu.Pin55=PD5
Mcu.Pin56=PD6
Mcu.Pin57=PB3(JTDO/TRACESWO)
Mcu.Pin58=PB4(NJTRST)
Mcu.Pin59=PB5
Mcu.Pin6=PH1-OSC_OUT
Mcu.Pin60=PB6
Mcu.Pin61=PB7
Mcu.Pin62=PB8
Mcu.Pin63=PB9
Mcu.Pin64=PE0
Mcu.Pin65=PE1
Mcu.Pin66=VP_ADC3_TempSens_Input
Mcu.Pin67=VP_CRC_VS_CRC
Mcu.Pin68=VP_SYS_VS_Systick
Mcu.Pin69=VP_TIM3_VS_ClockSourceINT
Mcu.Pin7=PA0
Mcu.Pin70=VP_TIM5_VS_ClockSourceINT
Mcu.Pin71=VP_TIM6_VS_ClockSourceINT
Mcu.Pin72=VP_TIM13_VS_ClockSourceINT
Mcu.Pin73=VP_TIM14_VS_ClockSourceINT
Mcu.Pin74=VP_TIM16_VS_ClockSourceINT
Mcu.Pin75=VP_TIM17_VS_ClockSourceINT
Mcu.Pin76=VP_TIM23_VS_ClockSourceINT
Mcu.Pin77=VP_TIM24_VS_ClockSourceINT
Mcu.Pin8=PA1
Mcu.Pin9=PA6
Mcu.PinsNb=78
Mcu.ThirdPartyNb=0
Mcu.UserConstants=
Mcu.UserName=STM32H733VGTx
MxCube.Version=6.5.0
MxDb.Version=DB.6.0.50
NVIC.ADC3_IRQn=true\:0\:0\:false\:false\:true\:true\:true\:true
NVIC.BusFault_IRQn=true\:0\:0\:false\:false\:true\:false\:false\:true
NVIC.DMA1_Stream0_IRQn=true\:0\:0\:false\:false\:true\:false\:true\:true
NVIC.DMA1_Stream1_IRQn=true\:0\:0\:false\:false\:true\:false\:true\:true
NVIC.DMA1_Stream2_IRQn=true\:0\:0\:false\:false\:true\:false\:true\:true
NVIC.DebugMonitor_IRQn=true\:0\:0\:false\:false\:true\:false\:false\:true
NVIC.ForceEnableDMAVector=true
NVIC.HardFault_IRQn=true\:0\:0\:false\:false\:true\:false\:false\:true
NVIC.I2C2_ER_IRQn=true\:0\:0\:false\:false\:true\:true\:true\:true
NVIC.MemoryManagement_IRQn=true\:0\:0\:false\:false\:true\:false\:false\:true
NVIC.NonMaskableInt_IRQn=true\:0\:0\:false\:false\:true\:false\:false\:true
NVIC.PendSV_IRQn=true\:0\:0\:false\:false\:true\:false\:false\:true
NVIC.PriorityGroup=NVIC_PRIORITYGROUP_4
NVIC.SVCall_IRQn=true\:0\:0\:false\:false\:true\:false\:false\:true
NVIC.SysTick_IRQn=true\:0\:0\:false\:false\:true\:false\:true\:true
NVIC.TIM23_IRQn=true\:0\:0\:false\:false\:true\:true\:true\:true
NVIC.UART5_IRQn=true\:0\:0\:false\:false\:true\:true\:true\:true
NVIC.USART3_IRQn=true\:0\:0\:false\:false\:true\:true\:true\:true
NVIC.UsageFault_IRQn=true\:0\:0\:false\:false\:true\:false\:false\:true
PA0.Signal=S_TIM5_CH1
PA1.Signal=S_TIM5_CH2
PA10.GPIOParameters=GPIO_Label
PA10.GPIO_Label=ENC6I
PA10.Locked=true
PA10.Signal=GPIO_Input
PA11.Locked=true
PA11.Signal=USB_OTG_HS_DM
PA12.Locked=true
PA12.Signal=USB_OTG_HS_DP
PA13(JTMS/SWDIO).Locked=true
PA13(JTMS/SWDIO).Mode=Serial_Wire
PA13(JTMS/SWDIO).Signal=DEBUG_JTMS-SWDIO
PA14(JTCK/SWCLK).Locked=true
PA14(JTCK/SWCLK).Mode=Serial_Wire
PA14(JTCK/SWCLK).Signal=DEBUG_JTCK-SWCLK
PA15(JTDI).GPIOParameters=GPIO_Label
PA15(JTDI).GPIO_Label=ENC6A
PA15(JTDI).Locked=true
PA15(JTDI).Signal=S_TIM2_CH1_ETR
PA6.GPIOParameters=GPIO_Label
PA6.GPIO_Label=STEP1
PA6.Locked=true
PA6.Signal=S_TIM13_CH1
PA7.GPIOParameters=GPIO_Label
PA7.GPIO_Label=STEP2
PA7.Locked=true
PA7.Signal=S_TIM14_CH1
PA8.GPIOParameters=GPIO_Label
PA8.GPIO_Label=ENC4A_Neopixel
PA8.Locked=true
PA8.Signal=S_TIM1_CH1
PA9.GPIOParameters=GPIO_Label
PA9.GPIO_Label=ENC4B
PA9.Locked=true
PA9.Signal=S_TIM1_CH2
PB1.GPIOParameters=GPIO_Label
PB1.GPIO_Label=EMSW0
PB1.Locked=true
PB1.Signal=GPXTI1
PB10.GPIOParameters=GPIO_Pu
PB10.GPIO_Pu=GPIO_PULLUP
PB10.Locked=true
PB10.Mode=I2C
PB10.Signal=I2C2_SCL
PB11.GPIOParameters=GPIO_Pu
PB11.GPIO_Pu=GPIO_PULLUP
PB11.Locked=true
PB11.Mode=I2C
PB11.Signal=I2C2_SDA
PB12.Locked=true
PB12.Mode=Asynchronous
PB12.Signal=UART5_RX
PB13.Locked=true
PB13.Mode=Asynchronous
PB13.Signal=UART5_TX
PB14.Locked=true
PB14.Mode=Asynchronous
PB14.Signal=USART1_TX
PB15.Locked=true
PB15.Mode=Asynchronous
PB15.Signal=USART1_RX
PB2.GPIOParameters=GPIO_Label
PB2.GPIO_Label=EMSW1
PB2.Locked=true
PB2.Signal=GPIO_Output
PB3(JTDO/TRACESWO).GPIOParameters=GPIO_Label
PB3(JTDO/TRACESWO).GPIO_Label=ENC6B
PB3(JTDO/TRACESWO).Locked=true
PB3(JTDO/TRACESWO).Signal=S_TIM2_CH2
PB4(NJTRST).GPIOParameters=GPIO_Label
PB4(NJTRST).GPIO_Label=ENC5A_GriperA
PB4(NJTRST).Locked=true
PB4(NJTRST).Signal=S_TIM3_CH1
PB5.GPIOParameters=GPIO_Label
PB5.GPIO_Label=ENC5B_GriperB
PB5.Locked=true
PB5.Signal=S_TIM3_CH2
PB6.GPIOParameters=GPIO_Label
PB6.GPIO_Label=EN45
PB6.Signal=GPIO_Output
PB7.GPIOParameters=GPIO_Label
PB7.GPIO_Label=EN123
PB7.Signal=GPIO_Output
PB8.GPIOParameters=GPIO_Label
PB8.GPIO_Label=STEP4
PB8.Locked=true
PB8.Signal=S_TIM16_CH1
PB9.GPIOParameters=GPIO_Label
PB9.GPIO_Label=STEP5
PB9.Locked=true
PB9.Signal=S_TIM17_CH1
PC10.Locked=true
PC10.Mode=Full_Duplex_Master
PC10.Signal=SPI3_SCK
PC11.Locked=true
PC11.Mode=Full_Duplex_Master
PC11.Signal=SPI3_MISO
PC12.Locked=true
PC12.Mode=Full_Duplex_Master
PC12.Signal=SPI3_MOSI
PC4.GPIOParameters=GPIO_Label
PC4.GPIO_Label=Griper0
PC4.Locked=true
PC4.Signal=GPIO_Output
PC5.Signal=ADCx_INP8
PC6.GPIOParameters=GPIO_Label
PC6.GPIO_Label=ENC3A
PC6.Locked=true
PC6.Signal=S_TIM8_CH1
PC7.GPIOParameters=GPIO_Label
PC7.GPIO_Label=ENC3B
PC7.Locked=true
PC7.Signal=S_TIM8_CH2
PC8.GPIOParameters=PinState,GPIO_Label
PC8.GPIO_Label=LED2
PC8.PinState=GPIO_PIN_RESET
PC8.Signal=GPIO_Output
PC9.GPIOParameters=PinState,GPIO_Label
PC9.GPIO_Label=LED1
PC9.PinState=GPIO_PIN_SET
PC9.Signal=GPIO_Output
PD0.GPIOParameters=PinState,GPIO_Label
PD0.GPIO_Label=SPI3_SS6
PD0.Locked=true
PD0.PinState=GPIO_PIN_SET
PD0.Signal=GPIO_Output
PD1.GPIOParameters=PinState,GPIO_Label
PD1.GPIO_Label=SPI3_SS5
PD1.Locked=true
PD1.PinState=GPIO_PIN_SET
PD1.Signal=GPIO_Output
PD12.GPIOParameters=GPIO_Label
PD12.GPIO_Label=ENC2A
PD12.Locked=true
PD12.Signal=S_TIM4_CH1
PD13.GPIOParameters=GPIO_Label
PD13.GPIO_Label=ENC2B
PD13.Locked=true
PD13.Signal=S_TIM4_CH2
PD14.GPIOParameters=GPIO_Label
PD14.GPIO_Label=LED4
PD14.Signal=GPIO_Output
PD15.GPIOParameters=GPIO_Label
PD15.GPIO_Label=LED3
PD15.Signal=GPIO_Output
PD2.GPIOParameters=PinState,GPIO_Label
PD2.GPIO_Label=SPI3_SS4
PD2.Locked=true
PD2.PinState=GPIO_PIN_SET
PD2.Signal=GPIO_Output
PD3.GPIOParameters=PinState,GPIO_Label
PD3.GPIO_Label=SPI3_SS3
PD3.Locked=true
PD3.PinState=GPIO_PIN_SET
PD3.Signal=GPIO_Output
PD4.GPIOParameters=PinState,GPIO_Label
PD4.GPIO_Label=SPI3_SS2
PD4.Locked=true
PD4.PinState=GPIO_PIN_SET
PD4.Signal=GPIO_Output
PD5.GPIOParameters=PinState,GPIO_Label
PD5.GPIO_Label=SPI3_SS1
PD5.Locked=true
PD5.PinState=GPIO_PIN_SET
PD5.Signal=GPIO_Output
PD6.GPIOParameters=GPIO_Label
PD6.GPIO_Label=SPI3_EN
PD6.Signal=GPIO_Output
PD8.Locked=true
PD8.Mode=Asynchronous
PD8.Signal=USART3_TX
PD9.Locked=true
PD9.Mode=Asynchronous
PD9.Signal=USART3_RX
PE0.GPIOParameters=GPIO_Label
PE0.GPIO_Label=DIR1
PE0.Locked=true
PE0.Signal=GPIO_Output
PE1.GPIOParameters=GPIO_Label
PE1.GPIO_Label=DIR2
PE1.Locked=true
PE1.Signal=GPIO_Output
PE11.GPIOParameters=GPIO_Label
PE11.GPIO_Label=EERAM_SS
PE11.Signal=GPIO_Output
PE12.GPIOParameters=GPIO_Label
PE12.GPIO_Label=SPI4_SCK
PE12.Locked=true
PE12.Mode=Full_Duplex_Master
PE12.Signal=SPI4_SCK
PE13.Locked=true
PE13.Mode=Full_Duplex_Master
PE13.Signal=SPI4_MISO
PE14.Locked=true
PE14.Mode=Full_Duplex_Master
PE14.Signal=SPI4_MOSI
PE15.GPIOParameters=GPIO_Label
PE15.GPIO_Label=EERAM_HOLD
PE15.Signal=GPIO_Output
PE2.GPIOParameters=GPIO_Label
PE2.GPIO_Label=DIR3
PE2.Locked=true
PE2.Signal=GPIO_Output
PE3.GPIOParameters=GPIO_Label
PE3.GPIO_Label=DIR4
PE3.Locked=true
PE3.Signal=GPIO_Output
PE4.GPIOParameters=GPIO_Label
PE4.GPIO_Label=DIR5
PE4.Locked=true
PE4.Signal=GPIO_Output
PE5.GPIOParameters=GPIO_ModeDefaultPP,GPIO_Speed,GPIO_PuPd
PE5.GPIO_ModeDefaultPP=GPIO_MODE_AF_PP
PE5.GPIO_PuPd=GPIO_NOPULL
PE5.GPIO_Speed=GPIO_SPEED_FREQ_LOW
PE5.Locked=true
PE5.Signal=S_TIM15_CH1
PE6.GPIOParameters=GPIO_Label
PE6.GPIO_Label=Output_EN
PE6.Signal=GPIO_Output
PE7.GPIOParameters=GPIO_Label
PE7.GPIO_Label=EMSW2
PE7.Signal=GPIO_Output
PE8.GPIOParameters=GPIO_Label
PE8.GPIO_Label=EMSW3
PE8.Signal=GPIO_Output
PE9.GPIOParameters=GPIO_Label
PE9.GPIO_Label=EMSW4
PE9.Signal=GPIO_Output
PH0-OSC_IN.Mode=HSE-External-Oscillator
PH0-OSC_IN.Signal=RCC_OSC_IN
PH1-OSC_OUT.Mode=HSE-External-Oscillator
PH1-OSC_OUT.Signal=RCC_OSC_OUT
PinOutPanel.RotationAngle=0
ProjectManager.AskForMigrate=true
ProjectManager.BackupPrevious=false
ProjectManager.CompilerOptimize=6
ProjectManager.ComputerToolchain=false
ProjectManager.CoupleFile=true
ProjectManager.CustomerFirmwarePackage=
ProjectManager.DefaultFWLocation=true
ProjectManager.DeletePrevious=true
ProjectManager.DeviceId=STM32H733VGTx
ProjectManager.FirmwarePackage=STM32Cube FW_H7 V1.10.0
ProjectManager.FreePins=true
ProjectManager.HalAssertFull=false
ProjectManager.HeapSize=0x200
ProjectManager.KeepUserCode=true
ProjectManager.LastFirmware=true
ProjectManager.LibraryCopy=1
ProjectManager.MainLocation=Core/Src
ProjectManager.NoMain=false
ProjectManager.PreviousToolchain=STM32CubeIDE
ProjectManager.ProjectBuild=false
ProjectManager.ProjectFileName=Master_Config_STM32H733.ioc
ProjectManager.ProjectName=Master_Config_STM32H733
ProjectManager.RegisterCallBack=
ProjectManager.StackSize=0x400
ProjectManager.TargetToolchain=STM32CubeIDE
ProjectManager.ToolChainLocation=
ProjectManager.UnderRoot=true
ProjectManager.functionlistsort=1-MX_GPIO_Init-GPIO-false-HAL-true,2-MX_DMA_Init-DMA-false-HAL-true,3-SystemClock_Config-RCC-false-HAL-false,4-MX_ADC3_Init-ADC3-false-HAL-true,5-MX_TIM1_Init-TIM1-false-HAL-true,6-MX_TIM3_Init-TIM3-false-HAL-true,7-MX_TIM4_Init-TIM4-false-HAL-true,8-MX_TIM5_Init-TIM5-false-HAL-true,9-MX_TIM8_Init-TIM8-false-HAL-true,10-MX_TIM13_Init-TIM13-false-HAL-true,11-MX_TIM14_Init-TIM14-false-HAL-true,12-MX_TIM15_Init-TIM15-false-HAL-true,13-MX_TIM16_Init-TIM16-false-HAL-true,14-MX_TIM17_Init-TIM17-false-HAL-true,15-MX_USART1_UART_Init-USART1-false-HAL-true,16-MX_USART3_UART_Init-USART3-false-HAL-true,17-MX_SPI3_Init-SPI3-false-HAL-true,18-MX_SPI4_Init-SPI4-false-HAL-true,19-MX_I2C2_Init-I2C2-false-HAL-true,20-MX_CRC_Init-CRC-false-HAL-true,21-MX_TIM24_Init-TIM24-false-HAL-true,22-MX_TIM23_Init-TIM23-false-HAL-true,23-MX_TIM6_Init-TIM6-false-HAL-true,24-MX_UART5_Init-UART5-false-HAL-true,25-MX_ADC1_Init-ADC1-false-HAL-true,26-MX_ADC2_Init-ADC2-false-HAL-true,27-MX_TIM2_Init-TIM2-false-HAL-true,0-MX_CORTEX_M7_Init-CORTEX_M7-false-HAL-true
RCC.ADCFreq_Value=100000000
RCC.AHB12Freq_Value=275000000
RCC.AHB4Freq_Value=275000000
RCC.APB1Freq_Value=137500000
RCC.APB2Freq_Value=137500000
RCC.APB3Freq_Value=137500000
RCC.APB4Freq_Value=137500000
RCC.AXIClockFreq_Value=275000000
RCC.CECFreq_Value=32000
RCC.CKPERFreq_Value=64000000
RCC.CortexFreq_Value=550000000
RCC.CpuClockFreq_Value=550000000
RCC.D1CPREFreq_Value=550000000
RCC.D1PPRE=RCC_APB3_DIV2
RCC.D2PPRE1=RCC_APB1_DIV2
RCC.D2PPRE2=RCC_APB2_DIV2
RCC.D3PPRE=RCC_APB4_DIV2
RCC.DFSDMACLkFreq_Value=275000000
RCC.DFSDMFreq_Value=137500000
RCC.DIVM1=2
RCC.DIVM2=2
RCC.DIVM3=25
RCC.DIVN1=44
RCC.DIVN2=16
RCC.DIVN3=256
RCC.DIVP1=1
RCC.DIVP1Freq_Value=550000000
RCC.DIVP2Freq_Value=100000000
RCC.DIVP3Freq_Value=128000000
RCC.DIVQ1Freq_Value=275000000
RCC.DIVQ2Freq_Value=100000000
RCC.DIVQ3Freq_Value=128000000
RCC.DIVR1Freq_Value=275000000
RCC.DIVR2Freq_Value=100000000
RCC.DIVR3Freq_Value=128000000
RCC.FDCANFreq_Value=275000000
RCC.FMCFreq_Value=275000000
RCC.FamilyName=M
RCC.HCLK3ClockFreq_Value=275000000
RCC.HCLKFreq_Value=275000000
RCC.HPRE=RCC_HCLK_DIV2
RCC.I2C123Freq_Value=137500000
RCC.I2C4Freq_Value=137500000
RCC.IPParameters=ADCFreq_Value,AHB12Freq_Value,AHB4Freq_Value,APB1Freq_Value,APB2Freq_Value,APB3Freq_Value,APB4Freq_Value,AXIClockFreq_Value,CECFreq_Value,CKPERFreq_Value,CortexFreq_Value,CpuClockFreq_Value,D1CPREFreq_Value,D1PPRE,D2PPRE1,D2PPRE2,D3PPRE,DFSDMACLkFreq_Value,DFSDMFreq_Value,DIVM1,DIVM2,DIVM3,DIVN1,DIVN2,DIVN3,DIVP1,DIVP1Freq_Value,DIVP2Freq_Value,DIVP3Freq_Value,DIVQ1Freq_Value,DIVQ2Freq_Value,DIVQ3Freq_Value,DIVR1Freq_Value,DIVR2Freq_Value,DIVR3Freq_Value,FDCANFreq_Value,FMCFreq_Value,FamilyName,HCLK3ClockFreq_Value,HCLKFreq_Value,HPRE,I2C123Freq_Value,I2C4Freq_Value,LPTIM1Freq_Value,LPTIM2Freq_Value,LPTIM345Freq_Value,LPUART1Freq_Value,LTDCFreq_Value,MCO1PinFreq_Value,MCO2PinFreq_Value,PLL1_VCI_Range-AdvancedSettings,PLL1_VCO_SEL-AdvancedSettings,PLL2_VCI_Range-AdvancedSettings,PLL2_VCO_SEL-AdvancedSettings,PLL3_VCI_Range-AdvancedSettings,PLL3_VCO_SEL-AdvancedSettings,PLLSourceVirtual,QSPIFreq_Value,RNGFreq_Value,RTCFreq_Value,SAI1Freq_Value,SAI4AFreq_Value,SAI4BFreq_Value,SDMMCFreq_Value,SPDIFRXFreq_Value,SPI123CLockSelection,SPI123Freq_Value,SPI45Freq_Value,SPI6Freq_Value,SWPMI1Freq_Value,SYSCLKFreq_VALUE,SYSCLKSource,Spi45ClockSelection,Tim1OutputFreq_Value,Tim2OutputFreq_Value,TraceFreq_Value,USART16CLockSelection,USART16Freq_Value,USART234578CLockSelection,USART234578Freq_Value,USBCLockSelection,USBFreq_Value,VCO1OutputFreq_Value,VCO2OutputFreq_Value,VCO3OutputFreq_Value,VCOInput1Freq_Value,VCOInput2Freq_Value,VCOInput3Freq_Value
RCC.LPTIM1Freq_Value=137500000
RCC.LPTIM2Freq_Value=137500000
RCC.LPTIM345Freq_Value=137500000
RCC.LPUART1Freq_Value=137500000
RCC.LTDCFreq_Value=128000000
RCC.LockedElements=D1CPREOutput
RCC.MCO1PinFreq_Value=64000000
RCC.MCO2PinFreq_Value=550000000
RCC.PLL1_VCI_Range-AdvancedSettings=RCC_PLL1VCIRANGE_0
RCC.PLL1_VCO_SEL-AdvancedSettings=RCC_PLL1VCOWIDE
RCC.PLL2_VCI_Range-AdvancedSettings=RCC_PLL2VCIRANGE_0
RCC.PLL2_VCO_SEL-AdvancedSettings=RCC_PLL2VCOMEDIUM
RCC.PLL3_VCI_Range-AdvancedSettings=RCC_PLL3VCIRANGE_3
RCC.PLL3_VCO_SEL-AdvancedSettings=RCC_PLL3VCOWIDE
RCC.PLLSourceVirtual=RCC_PLLSOURCE_HSE
RCC.QSPIFreq_Value=275000000
RCC.RNGFreq_Value=48000000
RCC.RTCFreq_Value=32000
RCC.SAI1Freq_Value=275000000
RCC.SAI4AFreq_Value=275000000
RCC.SAI4BFreq_Value=275000000
RCC.SDMMCFreq_Value=275000000
RCC.SPDIFRXFreq_Value=275000000
RCC.SPI123CLockSelection=RCC_SPI123CLKSOURCE_PLL3
RCC.SPI123Freq_Value=128000000
RCC.SPI45Freq_Value=100000000
RCC.SPI6Freq_Value=137500000
RCC.SWPMI1Freq_Value=137500000
RCC.SYSCLKFreq_VALUE=550000000
RCC.SYSCLKSource=RCC_SYSCLKSOURCE_PLLCLK
RCC.Spi45ClockSelection=RCC_SPI45CLKSOURCE_PLL2
RCC.Tim1OutputFreq_Value=275000000
RCC.Tim2OutputFreq_Value=275000000
RCC.TraceFreq_Value=275000000
RCC.USART16CLockSelection=RCC_USART16910CLKSOURCE_PLL2
RCC.USART16Freq_Value=100000000
RCC.USART234578CLockSelection=RCC_USART234578CLKSOURCE_PLL2
RCC.USART234578Freq_Value=100000000
RCC.USBCLockSelection=RCC_USBCLKSOURCE_HSI48
RCC.USBFreq_Value=48000000
RCC.VCO1OutputFreq_Value=550000000
RCC.VCO2OutputFreq_Value=200000000
RCC.VCO3OutputFreq_Value=256000000
RCC.VCOInput1Freq_Value=12500000
RCC.VCOInput2Freq_Value=12500000
RCC.VCOInput3Freq_Value=1000000
SH.ADCx_INP8.0=ADC1_INP8,IN8-Single-Ended
SH.ADCx_INP8.1=ADC2_INP8,IN8-Single-Ended
SH.ADCx_INP8.ConfNb=2
SH.GPXTI1.0=GPIO_EXTI1
SH.GPXTI1.ConfNb=1
SH.S_TIM13_CH1.0=TIM13_CH1,PWM Generation1 CH1
SH.S_TIM13_CH1.ConfNb=1
SH.S_TIM14_CH1.0=TIM14_CH1,PWM Generation1 CH1
SH.S_TIM14_CH1.ConfNb=1
SH.S_TIM15_CH1.0=TIM15_CH1,PWM Generation1 CH1
SH.S_TIM15_CH1.ConfNb=1
SH.S_TIM16_CH1.0=TIM16_CH1,PWM Generation1 CH1
SH.S_TIM16_CH1.ConfNb=1
SH.S_TIM17_CH1.0=TIM17_CH1,PWM Generation1 CH1
SH.S_TIM17_CH1.ConfNb=1
SH.S_TIM1_CH1.0=TIM1_CH1,PWM Generation1 CH1
SH.S_TIM1_CH1.ConfNb=1
SH.S_TIM1_CH2.0=TIM1_CH2
SH.S_TIM1_CH2.ConfNb=1
SH.S_TIM2_CH1_ETR.0=TIM2_CH1,Encoder_Interface
SH.S_TIM2_CH1_ETR.ConfNb=1
SH.S_TIM2_CH2.0=TIM2_CH2,Encoder_Interface
SH.S_TIM2_CH2.ConfNb=1
SH.S_TIM3_CH1.0=TIM3_CH1,PWM Generation1 CH1
SH.S_TIM3_CH1.ConfNb=1
SH.S_TIM3_CH2.0=TIM3_CH2,PWM Generation2 CH2
SH.S_TIM3_CH2.ConfNb=1
SH.S_TIM4_CH1.0=TIM4_CH1,Encoder_Interface
SH.S_TIM4_CH1.ConfNb=1
SH.S_TIM4_CH2.0=TIM4_CH2,Encoder_Interface
SH.S_TIM4_CH2.ConfNb=1
SH.S_TIM5_CH1.0=TIM5_CH1,PWM Generation1 CH1
SH.S_TIM5_CH1.ConfNb=1
SH.S_TIM5_CH2.0=TIM5_CH2,PWM Generation2 CH2
SH.S_TIM5_CH2.ConfNb=1
SH.S_TIM8_CH1.0=TIM8_CH1,Encoder_Interface
SH.S_TIM8_CH1.ConfNb=1
SH.S_TIM8_CH2.0=TIM8_CH2,Encoder_Interface
SH.S_TIM8_CH2.ConfNb=1
SPI3.BaudRatePrescaler=SPI_BAUDRATEPRESCALER_128
SPI3.CLKPhase=SPI_PHASE_2EDGE
SPI3.CRCCalculation=SPI_CRCCALCULATION_DISABLE
SPI3.CRCPolynomial=0x1D
SPI3.CalculateBaudRate=1000.0 KBits/s
SPI3.DataSize=SPI_DATASIZE_8BIT
SPI3.Direction=SPI_DIRECTION_2LINES
SPI3.FirstBit=SPI_FIRSTBIT_MSB
SPI3.IPParameters=VirtualType,Mode,Direction,DataSize,FirstBit,CRCCalculation,CLKPhase,CRCPolynomial,CalculateBaudRate,BaudRatePrescaler
SPI3.Mode=SPI_MODE_MASTER
SPI3.VirtualType=VM_MASTER
SPI4.BaudRatePrescaler=SPI_BAUDRATEPRESCALER_8
SPI4.CalculateBaudRate=12.5 MBits/s
SPI4.DataSize=SPI_DATASIZE_16BIT
SPI4.Direction=SPI_DIRECTION_2LINES
SPI4.IPParameters=VirtualType,Mode,Direction,CalculateBaudRate,BaudRatePrescaler,DataSize
SPI4.Mode=SPI_MODE_MASTER
SPI4.VirtualType=VM_MASTER
TIM1.AutoReloadPreload=TIM_AUTORELOAD_PRELOAD_ENABLE
TIM1.Channel-PWM\ Generation1\ CH1=TIM_CHANNEL_1
TIM1.IPParameters=Period,Channel-PWM Generation1 CH1,Pulse-PWM Generation1 CH1,OCFastMode_PWM-PWM Generation1 CH1,AutoReloadPreload
TIM1.OCFastMode_PWM-PWM\ Generation1\ CH1=TIM_OCFAST_ENABLE
TIM1.Period=343
TIM1.Pulse-PWM\ Generation1\ CH1=0
TIM13.AutoReloadPreload=TIM_AUTORELOAD_PRELOAD_ENABLE
TIM13.Channel=TIM_CHANNEL_1
TIM13.IPParameters=Channel,Prescaler,Period,Pulse,AutoReloadPreload
TIM13.Period=1000-1
TIM13.Prescaler=550-1
TIM13.Pulse=500-1
TIM14.AutoReloadPreload=TIM_AUTORELOAD_PRELOAD_ENABLE
TIM14.Channel=TIM_CHANNEL_1
TIM14.IPParameters=Channel,Prescaler,Period,Pulse,AutoReloadPreload
TIM14.Period=1000-1
TIM14.Prescaler=550-1
TIM14.Pulse=500-1
TIM15.AutoReloadPreload=TIM_AUTORELOAD_PRELOAD_ENABLE
TIM15.Channel-PWM\ Generation1\ CH1=TIM_CHANNEL_1
TIM15.IPParameters=Channel-PWM Generation1 CH1,Prescaler,AutoReloadPreload,Period,Pulse-PWM Generation1 CH1
TIM15.Period=1000-1
TIM15.Prescaler=550-1
TIM15.Pulse-PWM\ Generation1\ CH1=500-1
TIM16.AutoReloadPreload=TIM_AUTORELOAD_PRELOAD_ENABLE
TIM16.Channel=TIM_CHANNEL_1
TIM16.IPParameters=Channel,Prescaler,Period,Pulse,AutoReloadPreload
TIM16.Period=1000-1
TIM16.Prescaler=550-1
TIM16.Pulse=500-1
TIM17.AutoReloadPreload=TIM_AUTORELOAD_PRELOAD_ENABLE
TIM17.Channel=TIM_CHANNEL_1
TIM17.IPParameters=Channel,Prescaler,Period,Pulse,AutoReloadPreload
TIM17.Period=1000-1
TIM17.Prescaler=550-1
TIM17.Pulse=500-1
TIM23.AutoReloadPreload=TIM_AUTORELOAD_PRELOAD_ENABLE
TIM23.IPParameters=Prescaler,Period,AutoReloadPreload
TIM23.Period=1000-1
TIM23.Prescaler=275-1
TIM24.IPParameters=Prescaler
TIM24.Prescaler=275-1
TIM3.Channel-PWM\ Generation1\ CH1=TIM_CHANNEL_1
TIM3.Channel-PWM\ Generation2\ CH2=TIM_CHANNEL_2
TIM3.IPParameters=Channel-PWM Generation1 CH1,Prescaler,Period,Pulse-PWM Generation1 CH1,Channel-PWM Generation2 CH2
TIM3.Period=20000-1
TIM3.Prescaler=275-1
TIM3.Pulse-PWM\ Generation1\ CH1=1999
TIM4.AutoReloadPreload=TIM_AUTORELOAD_PRELOAD_ENABLE
TIM4.EncoderMode=TIM_ENCODERMODE_TI12
TIM4.IC1Filter=0
TIM4.IC2Filter=0
TIM4.IPParameters=AutoReloadPreload,EncoderMode,Period,IC2Filter,IC1Filter
TIM4.Period=16383
TIM5.Channel-PWM\ Generation1\ CH1=TIM_CHANNEL_1
TIM5.Channel-PWM\ Generation2\ CH2=TIM_CHANNEL_2
TIM5.IPParameters=Prescaler,Period,Channel-PWM Generation1 CH1,Channel-PWM Generation2 CH2,Pulse-PWM Generation1 CH1,Pulse-PWM Generation2 CH2
TIM5.Period=20000-1
TIM5.Prescaler=275-1
TIM5.Pulse-PWM\ Generation1\ CH1=1500-1
TIM5.Pulse-PWM\ Generation2\ CH2=1500-1
TIM6.IPParameters=Prescaler
TIM6.Prescaler=275-1
TIM8.AutoReloadPreload=TIM_AUTORELOAD_PRELOAD_ENABLE
TIM8.EncoderMode=TIM_ENCODERMODE_TI12
TIM8.IC1Filter=0
TIM8.IC2Filter=0
TIM8.IPParameters=AutoReloadPreload,EncoderMode,Period,IC2Filter,IC1Filter
TIM8.Period=16383
UART5.BaudRate=1000000
UART5.IPParameters=SwapParam,BaudRate
UART5.SwapParam=UART_ADVFEATURE_SWAP_ENABLE
USART1.BaudRate=2000000
USART1.IPParameters=VirtualMode-Asynchronous,SwapParam,BaudRate
USART1.SwapParam=ADVFEATURE_SWAP_DISABLE
USART1.VirtualMode-Asynchronous=VM_ASYNC
USART3.IPParameters=VirtualMode-Asynchronous
USART3.VirtualMode-Asynchronous=VM_ASYNC
VP_ADC3_TempSens_Input.Mode=IN-TempSens
VP_ADC3_TempSens_Input.Signal=ADC3_TempSens_Input
VP_CRC_VS_CRC.Mode=CRC_Activate
VP_CRC_VS_CRC.Signal=CRC_VS_CRC
VP_SYS_VS_Systick.Mode=SysTick
VP_SYS_VS_Systick.Signal=SYS_VS_Systick
VP_TIM13_VS_ClockSourceINT.Mode=Enable_Timer
VP_TIM13_VS_ClockSourceINT.Signal=TIM13_VS_ClockSourceINT
VP_TIM14_VS_ClockSourceINT.Mode=Enable_Timer
VP_TIM14_VS_ClockSourceINT.Signal=TIM14_VS_ClockSourceINT
VP_TIM16_VS_ClockSourceINT.Mode=Enable_Timer
VP_TIM16_VS_ClockSourceINT.Signal=TIM16_VS_ClockSourceINT
VP_TIM17_VS_ClockSourceINT.Mode=Enable_Timer
VP_TIM17_VS_ClockSourceINT.Signal=TIM17_VS_ClockSourceINT
VP_TIM23_VS_ClockSourceINT.Mode=Internal
VP_TIM23_VS_ClockSourceINT.Signal=TIM23_VS_ClockSourceINT
VP_TIM24_VS_ClockSourceINT.Mode=Internal
VP_TIM24_VS_ClockSourceINT.Signal=TIM24_VS_ClockSourceINT
VP_TIM3_VS_ClockSourceINT.Mode=Internal
VP_TIM3_VS_ClockSourceINT.Signal=TIM3_VS_ClockSourceINT
VP_TIM5_VS_ClockSourceINT.Mode=Internal
VP_TIM5_VS_ClockSourceINT.Signal=TIM5_VS_ClockSourceINT
VP_TIM6_VS_ClockSourceINT.Mode=Enable_Timer
VP_TIM6_VS_ClockSourceINT.Signal=TIM6_VS_ClockSourceINT
board=custom
isbadioc=false
